
Microsoft Visual Studio Solution File, Format Version 12.00
# Visual Studio Version 17
VisualStudioVersion = 17.9.34728.123
MinimumVisualStudioVersion = 10.0.40219.1
Project("{9A19103F-16F7-4668-BE54-9A1E7A4F7556}") = "FinanceFlow", "FinanceFlow.csproj", "{B154F6FD-5444-48A4-91CD-550DD28CE608}"
EndProject
Global
	GlobalSection(SolutionConfigurationPlatforms) = preSolution
		Debug|Any CPU = Debug|Any CPU
		Release|Any CPU = Release|Any CPU
	EndGlobalSection
	GlobalSection(ProjectConfigurationPlatforms) = postSolution
		{B154F6FD-5444-48A4-91CD-550DD28CE608}.Debug|Any CPU.ActiveCfg = Debug|Any CPU
		{B154F6FD-5444-48A4-91CD-550DD28CE608}.Debug|Any CPU.Build.0 = Debug|Any CPU
		{B154F6FD-5444-48A4-91CD-550DD28CE608}.Release|Any CPU.ActiveCfg = Release|Any CPU
		{B154F6FD-5444-48A4-91CD-550DD28CE608}.Release|Any CPU.Build.0 = Release|Any CPU
	EndGlobalSection
	GlobalSection(SolutionProperties) = preSolution
		HideSolutionNode = FALSE
	EndGlobalSection
	GlobalSection(ExtensibilityGlobals) = postSolution
		SolutionGuid = {FF5C5B9D-C743-402A-A896-D33C9774CE8F}
	EndGlobalSection
EndGlobal
